// !$*UTF8*$!
{
	archiveVersion = 1;
	classes = {
	};
	objectVersion = 77;
	objects = {

/* Begin PBXContainerItemProxy section */
		54B21CF42F60368A00CEB2BA /* PBXContainerItemProxy */ = {
			isa = PBXContainerItemProxy;
			containerPortal = 54B21CDB2F60368900CEB2BA /* Project object */;
			proxyType = 1;
			remoteGlobalIDString = 54B21CE22F60368900CEB2BA;
			remoteInfo = IntactoDemoPro;
		};
		54B21CFE2F60368A00CEB2BA /* PBXContainerItemProxy */ = {
			isa = PBXContainerItemProxy;
			containerPortal = 54B21CDB2F60368900CEB2BA /* Project object */;
			proxyType = 1;
			remoteGlobalIDString = 54B21CE22F60368900CEB2BA;
			remoteInfo = IntactoDemoPro;
		};
/* End PBXContainerItemProxy section */

/* Begin PBXFileReference section */
		54B21CE32F60368900CEB2BA /* IntactoDemoPro.app */ = {isa = PBXFileReference; explicitFileType = wrapper.application; includeInIndex = 0; path = IntactoDemoPro.app; sourceTree = BUILT_PRODUCTS_DIR; };
		54B21CF32F60368A00CEB2BA /* IntactoDemoProTests.xctest */ = {isa = PBXFileReference; explicitFileType = wrapper.cfbundle; includeInIndex = 0; path = IntactoDemoProTests.xctest; sourceTree = BUILT_PRODUCTS_DIR; };
		54B21CFD2F60368A00CEB2BA /* IntactoDemoProUITests.xctest */ = {isa = PBXFileReference; explicitFileType = wrapper.cfbundle; includeInIndex = 0; path = IntactoDemoProUITests.xctest; sourceTree = BUILT_PRODUCTS_DIR; };
/* End PBXFileReference section */

/* Begin PBXFileSystemSynchronizedRootGroup section */
		54B21CE52F60368900CEB2BA /* IntactoDemoPro */ = {
			isa = PBXFileSystemSynchronizedRootGroup;
			path = IntactoDemoPro;
			sourceTree = "<group>";
		};
		54B21CF62F60368A00CEB2BA /* IntactoDemoProTests */ = {
			isa = PBXFileSystemSynchronizedRootGroup;
			path = IntactoDemoProTests;
			sourceTree = "<group>";
		};
		54B21D002F60368A00CEB2BA /* IntactoDemoProUITests */ = {
			isa = PBXFileSystemSynchronizedRootGroup;
			path = IntactoDemoProUITests;
			sourceTree = "<group>";
		};
/* End PBXFileSystemSynchronizedRootGroup section */

/* Begin PBXFrameworksBuildPhase section */
		54B21CE02F60368900CEB2BA /* Frameworks */ = {
			isa = PBXFrameworksBuildPhase;
			buildActionMask = 2147483647;
			files = (
			);
			runOnlyForDeploymentPostprocessing = 0;
		};
		54B21CF02F60368A00CEB2BA /* Frameworks */ = {
			isa = PBXFrameworksBuildPhase;
			buildActionMask = 2147483647;
			files = (
			);
			runOnlyForDeploymentPostprocessing = 0;
		};
		54B21CFA2F60368A00CEB2BA /* Frameworks */ = {
			isa = PBXFrameworksBuildPhase;
			buildActionMask = 2147483647;
			files = (
			);
			runOnlyForDeploymentPostprocessing = 0;
		};
/* End PBXFrameworksBuildPhase section */

/* Begin PBXGroup section */
		54B21CDA2F60368900CEB2BA = {
			isa = PBXGroup;
			children = (
				54B21CE52F60368900CEB2BA /* IntactoDemoPro */,
				54B21CF62F60368A00CEB2BA /* IntactoDemoProTests */,
				54B21D002F60368A00CEB2BA /* IntactoDemoProUITests */,
				54B21CE42F60368900CEB2BA /* Products */,
			);
			sourceTree = "<group>";
		};
		54B21CE42F60368900CEB2BA /* Products */ = {
			isa = PBXGroup;
			children = (
				54B21CE32F60368900CEB2BA /* IntactoDemoPro.app */,
				54B21CF32F60368A00CEB2BA /* IntactoDemoProTests.xctest */,
				54B21CFD2F60368A00CEB2BA /* IntactoDemoProUITests.xctest */,
			);
			name = Products;
			sourceTree = "<group>";
		};
/* End PBXGroup section */

/* Begin PBXNativeTarget section */
		54B21CE22F60368900CEB2BA /* IntactoDemoPro */ = {
			isa = PBXNativeTarget;
			buildConfigurationList = 54B21D072F60368A00CEB2BA /* Build configuration list for PBXNativeTarget "IntactoDemoPro" */;
			buildPhases = (
				54B21CDF2F60368900CEB2BA /* Sources */,
				54B21CE02F60368900CEB2BA /* Frameworks */,
				54B21CE12F60368900CEB2BA /* Resources */,
			);
			buildRules = (
			);
			dependencies = (
			);
			fileSystemSynchronizedGroups = (
				54B21CE52F60368900CEB2BA /* IntactoDemoPro */,
			);
			name = IntactoDemoPro;
			packageProductDependencies = (
			);
			productName = IntactoDemoPro;
			productReference = 54B21CE32F60368900CEB2BA /* IntactoDemoPro.app */;
			productType = "com.apple.product-type.application";
		};
		54B21CF22F60368A00CEB2BA /* IntactoDemoProTests */ = {
			isa = PBXNativeTarget;
			buildConfigurationList = 54B21D0A2F60368A00CEB2BA /* Build configuration list for PBXNativeTarget "IntactoDemoProTests" */;
			buildPhases = (
				54B21CEF2F60368A00CEB2BA /* Sources */,
				54B21CF02F60368A00CEB2BA /* Frameworks */,
				54B21CF12F60368A00CEB2BA /* Resources */,
			);
			buildRules = (
			);
			dependencies = (
				54B21CF52F60368A00CEB2BA /* PBXTargetDependency */,
			);
			fileSystemSynchronizedGroups = (
				54B21CF62F60368A00CEB2BA /* IntactoDemoProTests */,
			);
			name = IntactoDemoProTests;
			packageProductDependencies = (
			);
			productName = IntactoDemoProTests;
			productReference = 54B21CF32F60368A00CEB2BA /* IntactoDemoProTests.xctest */;
			productType = "com.apple.product-type.bundle.unit-test";
		};
		54B21CFC2F60368A00CEB2BA /* IntactoDemoProUITests */ = {
			isa = PBXNativeTarget;
			buildConfigurationList = 54B21D0D2F60368A00CEB2BA /* Build configuration list for PBXNativeTarget "IntactoDemoProUITests" */;
			buildPhases = (
				54B21CF92F60368A00CEB2BA /* Sources */,
				54B21CFA2F60368A00CEB2BA /* Frameworks */,
				54B21CFB2F60368A00CEB2BA /* Resources */,
			);
			buildRules = (
			);
			dependencies = (
				54B21CFF2F60368A00CEB2BA /* PBXTargetDependency */,
			);
			fileSystemSynchronizedGroups = (
				54B21D002F60368A00CEB2BA /* IntactoDemoProUITests */,
			);
			name = IntactoDemoProUITests;
			packageProductDependencies = (
			);
			productName = IntactoDemoProUITests;
			productReference = 54B21CFD2F60368A00CEB2BA /* IntactoDemoProUITests.xctest */;
			productType = "com.apple.product-type.bundle.ui-testing";
		};
/* End PBXNativeTarget section */

/* Begin PBXProject section */
		54B21CDB2F60368900CEB2BA /* Project object */ = {
			isa = PBXProject;
			attributes = {
				BuildIndependentTargetsInParallel = 1;
				LastSwiftUpdateCheck = 1620;
				LastUpgradeCheck = 1620;
				TargetAttributes = {
					54B21CE22F60368900CEB2BA = {
						CreatedOnToolsVersion = 16.2;
					};
					54B21CF22F60368A00CEB2BA = {
						CreatedOnToolsVersion = 16.2;
						TestTargetID = 54B21CE22F60368900CEB2BA;
					};
					54B21CFC2F60368A00CEB2BA = {
						CreatedOnToolsVersion = 16.2;
						TestTargetID = 54B21CE22F60368900CEB2BA;
					};
				};
			};
			buildConfigurationList = 54B21CDE2F60368900CEB2BA /* Build configuration list for PBXProject "IntactoDemoPro" */;
			developmentRegion = en;
			hasScannedForEncodings = 0;
			knownRegions = (
				en,
				Base,
			);
			mainGroup = 54B21CDA2F60368900CEB2BA;
			minimizedProjectReferenceProxies = 1;
			preferredProjectObjectVersion = 77;
			productRefGroup = 54B21CE42F60368900CEB2BA /* Products */;
			projectDirPath = "";
			projectRoot = "";
			targets = (
				54B21CE22F60368900CEB2BA /* IntactoDemoPro */,
				54B21CF22F60368A00CEB2BA /* IntactoDemoProTests */,
				54B21CFC2F60368A00CEB2BA /* IntactoDemoProUITests */,
			);
		};
/* End PBXProject section */

/* Begin PBXResourcesBuildPhase section */
		54B21CE12F60368900CEB2BA /* Resources */ = {
			isa = PBXResourcesBuildPhase;
			buildActionMask = 2147483647;
			files = (
			);
			runOnlyForDeploymentPostprocessing = 0;
		};
		54B21CF12F60368A00CEB2BA /* Resources */ = {
			isa = PBXResourcesBuildPhase;
			buildActionMask = 2147483647;
			files = (
			);
			runOnlyForDeploymentPostprocessing = 0;
		};
		54B21CFB2F60368A00CEB2BA /* Resources */ = {
			isa = PBXResourcesBuildPhase;
			buildActionMask = 2147483647;
			files = (
			);
			runOnlyForDeploymentPostprocessing = 0;
		};
/* End PBXResourcesBuildPhase section */

/* Begin PBXSourcesBuildPhase section */
		54B21CDF2F60368900CEB2BA /* Sources */ = {
			isa = PBXSourcesBuildPhase;
			buildActionMask = 2147483647;
			files = (
			);
			runOnlyForDeploymentPostprocessing = 0;
		};
		54B21CEF2F60368A00CEB2BA /* Sources */ = {
			isa = PBXSourcesBuildPhase;
			buildActionMask = 2147483647;
			files = (
			);
			runOnlyForDeploymentPostprocessing = 0;
		};
		54B21CF92F60368A00CEB2BA /* Sources */ = {
			isa = PBXSourcesBuildPhase;
			buildActionMask = 2147483647;
			files = (
			);
			runOnlyForDeploymentPostprocessing = 0;
		};
/* End PBXSourcesBuildPhase section */

/* Begin PBXTargetDependency section */
		54B21CF52F60368A00CEB2BA /* PBXTargetDependency */ = {
			isa = PBXTargetDependency;
			target = 54B21CE22F60368900CEB2BA /* IntactoDemoPro */;
			targetProxy = 54B21CF42F60368A00CEB2BA /* PBXContainerItemProxy */;
		};
		54B21CFF2F60368A00CEB2BA /* PBXTargetDependency */ = {
			isa = PBXTargetDependency;
			target = 54B21CE22F60368900CEB2BA /* IntactoDemoPro */;
			targetProxy = 54B21CFE2F60368A00CEB2BA /* PBXContainerItemProxy */;
		};
/* End PBXTargetDependency section */

/* Begin XCBuildConfiguration section */
		54B21D052F60368A00CEB2BA /* Debug */ = {
			isa = XCBuildConfiguration;
			buildSettings = {
				ALWAYS_SEARCH_USER_PATHS = NO;
				ASSETCATALOG_COMPILER_GENERATE_SWIFT_ASSET_SYMBOL_EXTENSIONS = YES;
				CLANG_ANALYZER_NONNULL = YES;
				CLANG_ANALYZER_NUMBER_OBJECT_CONVERSION = YES_AGGRESSIVE;
				CLANG_CXX_LANGUAGE_STANDARD = "gnu++20";
				CLANG_ENABLE_MODULES = YES;
				CLANG_ENABLE_OBJC_ARC = YES;
				CLANG_ENABLE_OBJC_WEAK = YES;
				CLANG_WARN_BLOCK_CAPTURE_AUTORELEASING = YES;
				CLANG_WARN_BOOL_CONVERSION = YES;
				CLANG_WARN_COMMA = YES;
				CLANG_WARN_CONSTANT_CONVERSION = YES;
				CLANG_WARN_DEPRECATED_OBJC_IMPLEMENTATIONS = YES;
				CLANG_WARN_DIRECT_OBJC_ISA_USAGE = YES_ERROR;
				CLANG_WARN_DOCUMENTATION_COMMENTS = YES;
				CLANG_WARN_EMPTY_BODY = YES;
				CLANG_WARN_ENUM_CONVERSION = YES;
				CLANG_WARN_INFINITE_RECURSION = YES;
				CLANG_WARN_INT_CONVERSION = YES;
				CLANG_WARN_NON_LITERAL_NULL_CONVERSION = YES;
				CLANG_WARN_OBJC_IMPLICIT_RETAIN_SELF = YES;
				CLANG_WARN_OBJC_LITERAL_CONVERSION = YES;
				CLANG_WARN_OBJC_ROOT_CLASS = YES_ERROR;
				CLANG_WARN_QUOTED_INCLUDE_IN_FRAMEWORK_HEADER = YES;
				CLANG_WARN_RANGE_LOOP_ANALYSIS = YES;
				CLANG_WARN_STRICT_PROTOTYPES = YES;
				CLANG_WARN_SUSPICIOUS_MOVE = YES;
				CLANG_WARN_UNGUARDED_AVAILABILITY = YES_AGGRESSIVE;
				CLANG_WARN_UNREACHABLE_CODE = YES;
				CLANG_WARN__DUPLICATE_METHOD_MATCH = YES;
				COPY_PHASE_STRIP = NO;
				DEBUG_INFORMATION_FORMAT = dwarf;
				ENABLE_STRICT_OBJC_MSGSEND = YES;
				ENABLE_TESTABILITY = YES;
				ENABLE_USER_SCRIPT_SANDBOXING = YES;
				GCC_C_LANGUAGE_STANDARD = gnu17;
				GCC_DYNAMIC_NO_PIC = NO;
				GCC_NO_COMMON_BLOCKS = YES;
				GCC_OPTIMIZATION_LEVEL = 0;
				GCC_PREPROCESSOR_DEFINITIONS = (
					"DEBUG=1",
					"$(inherited)",
				);
				GCC_WARN_64_TO_32_BIT_CONVERSION = YES;
				GCC_WARN_ABOUT_RETURN_TYPE = YES_ERROR;
				GCC_WARN_UNDECLARED_SELECTOR = YES;
				GCC_WARN_UNINITIALIZED_AUTOS = YES_AGGRESSIVE;
				GCC_WARN_UNUSED_FUNCTION = YES;
				GCC_WARN_UNUSED_VARIABLE = YES;
				IPHONEOS_DEPLOYMENT_TARGET = 18.2;
				LOCALIZATION_PREFERS_STRING_CATALOGS = YES;
				MTL_ENABLE_DEBUG_INFO = INCLUDE_SOURCE;
				MTL_FAST_MATH = YES;
				ONLY_ACTIVE_ARCH = YES;
				SDKROOT = iphoneos;
				SWIFT_ACTIVE_COMPILATION_CONDITIONS = "DEBUG $(inherited)";
				SWIFT_OPTIMIZATION_LEVEL = "-Onone";
			};
			name = Debug;
		};
		54B21D062F60368A00CEB2BA /* Release */ = {
			isa = XCBuildConfiguration;
			buildSettings = {
				ALWAYS_SEARCH_USER_PATHS = NO;
				ASSETCATALOG_COMPILER_GENERATE_SWIFT_ASSET_SYMBOL_EXTENSIONS = YES;
				CLANG_ANALYZER_NONNULL = YES;
				CLANG_ANALYZER_NUMBER_OBJECT_CONVERSION = YES_AGGRESSIVE;
				CLANG_CXX_LANGUAGE_STANDARD = "gnu++20";
				CLANG_ENABLE_MODULES = YES;
				CLANG_ENABLE_OBJC_ARC = YES;
				CLANG_ENABLE_OBJC_WEAK = YES;
				CLANG_WARN_BLOCK_CAPTURE_AUTORELEASING = YES;
				CLANG_WARN_BOOL_CONVERSION = YES;
				CLANG_WARN_COMMA = YES;
				CLANG_WARN_CONSTANT_CONVERSION = YES;
				CLANG_WARN_DEPRECATED_OBJC_IMPLEMENTATIONS = YES;
				CLANG_WARN_DIRECT_OBJC_ISA_USAGE = YES_ERROR;
				CLANG_WARN_DOCUMENTATION_COMMENTS = YES;
				CLANG_WARN_EMPTY_BODY = YES;
				CLANG_WARN_ENUM_CONVERSION = YES;
				CLANG_WARN_INFINITE_RECURSION = YES;
				CLANG_WARN_INT_CONVERSION = YES;
				CLANG_WARN_NON_LITERAL_NULL_CONVERSION = YES;
				CLANG_WARN_OBJC_IMPLICIT_RETAIN_SELF = YES;
				CLANG_WARN_OBJC_LITERAL_CONVERSION = YES;
				CLANG_WARN_OBJC_ROOT_CLASS = YES_ERROR;
				CLANG_WARN_QUOTED_INCLUDE_IN_FRAMEWORK_HEADER = YES;
				CLANG_WARN_RANGE_LOOP_ANALYSIS = YES;
				CLANG_WARN_STRICT_PROTOTYPES = YES;
				CLANG_WARN_SUSPICIOUS_MOVE = YES;
				CLANG_WARN_UNGUARDED_AVAILABILITY = YES_AGGRESSIVE;
				CLANG_WARN_UNREACHABLE_CODE = YES;
				CLANG_WARN__DUPLICATE_METHOD_MATCH = YES;
				COPY_PHASE_STRIP = NO;
				DEBUG_INFORMATION_FORMAT = "dwarf-with-dsym";
				ENABLE_NS_ASSERTIONS = NO;
				ENABLE_STRICT_OBJC_MSGSEND = YES;
				ENABLE_USER_SCRIPT_SANDBOXING = YES;
				GCC_C_LANGUAGE_STANDARD = gnu17;
				GCC_NO_COMMON_BLOCKS = YES;
				GCC_WARN_64_TO_32_BIT_CONVERSION = YES;
				GCC_WARN_ABOUT_RETURN_TYPE = YES_ERROR;
				GCC_WARN_UNDECLARED_SELECTOR = YES;
				GCC_WARN_UNINITIALIZED_AUTOS = YES_AGGRESSIVE;
				GCC_WARN_UNUSED_FUNCTION = YES;
				GCC_WARN_UNUSED_VARIABLE = YES;
				IPHONEOS_DEPLOYMENT_TARGET = 18.2;
				LOCALIZATION_PREFERS_STRING_CATALOGS = YES;
				MTL_ENABLE_DEBUG_INFO = NO;
				MTL_FAST_MATH = YES;
				SDKROOT = iphoneos;
				SWIFT_COMPILATION_MODE = wholemodule;
				VALIDATE_PRODUCT = YES;
			};
			name = Release;
		};
		54B21D082F60368A00CEB2BA /* Debug */ = {
			isa = XCBuildConfiguration;
			buildSettings = {
				ASSETCATALOG_COMPILER_APPICON_NAME = AppIcon;
				ASSETCATALOG_COMPILER_GLOBAL_ACCENT_COLOR_NAME = AccentColor;
				CODE_SIGN_STYLE = Automatic;
				CURRENT_PROJECT_VERSION = 1;
				DEVELOPMENT_ASSET_PATHS = "\"IntactoDemoPro/Preview Content\"";
				ENABLE_PREVIEWS = YES;
				GENERATE_INFOPLIST_FILE = YES;
				INFOPLIST_KEY_UIApplicationSceneManifest_Generation = YES;
				INFOPLIST_KEY_UIApplicationSupportsIndirectInputEvents = YES;
				INFOPLIST_KEY_UILaunchScreen_Generation = YES;
				INFOPLIST_KEY_UISupportedInterfaceOrientations_iPad = "UIInterfaceOrientationPortrait UIInterfaceOrientationPortraitUpsideDown UIInterfaceOrientationLandscapeLeft UIInterfaceOrientationLandscapeRight";
				INFOPLIST_KEY_UISupportedInterfaceOrientations_iPhone = "UIInterfaceOrientationPortrait UIInterfaceOrientationLandscapeLeft UIInterfaceOrientationLandscapeRight";
				LD_RUNPATH_SEARCH_PATHS = (
					"$(inherited)",
					"@executable_path/Frameworks",
				);
				MARKETING_VERSION = 1.0;
				PRODUCT_BUNDLE_IDENTIFIER = com.IntactoDemoPro;
				PRODUCT_NAME = "$(TARGET_NAME)";
				SWIFT_EMIT_LOC_STRINGS = YES;
				SWIFT_VERSION = 5.0;
				TARGETED_DEVICE_FAMILY = "1,2";
			};
			name = Debug;
		};
		54B21D092F60368A00CEB2BA /* Release */ = {
			isa = XCBuildConfiguration;
			buildSettings = {
				ASSETCATALOG_COMPILER_APPICON_NAME = AppIcon;
				ASSETCATALOG_COMPILER_GLOBAL_ACCENT_COLOR_NAME = AccentColor;
				CODE_SIGN_STYLE = Automatic;
				CURRENT_PROJECT_VERSION = 1;
				DEVELOPMENT_ASSET_PATHS = "\"IntactoDemoPro/Preview Content\"";
				ENABLE_PREVIEWS = YES;
				GENERATE_INFOPLIST_FILE = YES;
				INFOPLIST_KEY_UIApplicationSceneManifest_Generation = YES;
				INFOPLIST_KEY_UIApplicationSupportsIndirectInputEvents = YES;
				INFOPLIST_KEY_UILaunchScreen_Generation = YES;
				INFOPLIST_KEY_UISupportedInterfaceOrientations_iPad = "UIInterfaceOrientationPortrait UIInterfaceOrientationPortraitUpsideDown UIInterfaceOrientationLandscapeLeft UIInterfaceOrientationLandscapeRight";
				INFOPLIST_KEY_UISupportedInterfaceOrientations_iPhone = "UIInterfaceOrientationPortrait UIInterfaceOrientationLandscapeLeft UIInterfaceOrientationLandscapeRight";
				LD_RUNPATH_SEARCH_PATHS = (
					"$(inherited)",
					"@executable_path/Frameworks",
				);
				MARKETING_VERSION = 1.0;
				PRODUCT_BUNDLE_IDENTIFIER = com.IntactoDemoPro;
				PRODUCT_NAME = "$(TARGET_NAME)";
				SWIFT_EMIT_LOC_STRINGS = YES;
				SWIFT_VERSION = 5.0;
				TARGETED_DEVICE_FAMILY = "1,2";
			};
			name = Release;
		};
		54B21D0B2F60368A00CEB2BA /* Debug */ = {
			isa = XCBuildConfiguration;
			buildSettings = {
				BUNDLE_LOADER = "$(TEST_HOST)";
				CODE_SIGN_STYLE = Automatic;
				CURRENT_PROJECT_VERSION = 1;
				GENERATE_INFOPLIST_FILE = YES;
				IPHONEOS_DEPLOYMENT_TARGET = 18.2;
				MARKETING_VERSION = 1.0;
				PRODUCT_BUNDLE_IDENTIFIER = com.IntactoDemoProTests;
				PRODUCT_NAME = "$(TARGET_NAME)";
				SWIFT_EMIT_LOC_STRINGS = NO;
				SWIFT_VERSION = 5.0;
				TARGETED_DEVICE_FAMILY = "1,2";
				TEST_HOST = "$(BUILT_PRODUCTS_DIR)/IntactoDemoPro.app/$(BUNDLE_EXECUTABLE_FOLDER_PATH)/IntactoDemoPro";
			};
			name = Debug;
		};
		54B21D0C2F60368A00CEB2BA /* Release */ = {
			isa = XCBuildConfiguration;
			buildSettings = {
				BUNDLE_LOADER = "$(TEST_HOST)";
				CODE_SIGN_STYLE = Automatic;
				CURRENT_PROJECT_VERSION = 1;
				GENERATE_INFOPLIST_FILE = YES;
				IPHONEOS_DEPLOYMENT_TARGET = 18.2;
				MARKETING_VERSION = 1.0;
				PRODUCT_BUNDLE_IDENTIFIER = com.IntactoDemoProTests;
				PRODUCT_NAME = "$(TARGET_NAME)";
				SWIFT_EMIT_LOC_STRINGS = NO;
				SWIFT_VERSION = 5.0;
				TARGETED_DEVICE_FAMILY = "1,2";
				TEST_HOST = "$(BUILT_PRODUCTS_DIR)/IntactoDemoPro.app/$(BUNDLE_EXECUTABLE_FOLDER_PATH)/IntactoDemoPro";
			};
			name = Release;
		};
		54B21D0E2F60368A00CEB2BA /* Debug */ = {
			isa = XCBuildConfiguration;
			buildSettings = {
				CODE_SIGN_STYLE = Automatic;
				CURRENT_PROJECT_VERSION = 1;
				GENERATE_INFOPLIST_FILE = YES;
				MARKETING_VERSION = 1.0;
				PRODUCT_BUNDLE_IDENTIFIER = com.IntactoDemoProUITests;
				PRODUCT_NAME = "$(TARGET_NAME)";
				SWIFT_EMIT_LOC_STRINGS = NO;
				SWIFT_VERSION = 5.0;
				TARGETED_DEVICE_FAMILY = "1,2";
				TEST_TARGET_NAME = IntactoDemoPro;
			};
			name = Debug;
		};
		54B21D0F2F60368A00CEB2BA /* Release */ = {
			isa = XCBuildConfiguration;
			buildSettings = {
				CODE_SIGN_STYLE = Automatic;
				CURRENT_PROJECT_VERSION = 1;
				GENERATE_INFOPLIST_FILE = YES;
				MARKETING_VERSION = 1.0;
				PRODUCT_BUNDLE_IDENTIFIER = com.IntactoDemoProUITests;
				PRODUCT_NAME = "$(TARGET_NAME)";
				SWIFT_EMIT_LOC_STRINGS = NO;
				SWIFT_VERSION = 5.0;
				TARGETED_DEVICE_FAMILY = "1,2";
				TEST_TARGET_NAME = IntactoDemoPro;
			};
			name = Release;
		};
/* End XCBuildConfiguration section */

/* Begin XCConfigurationList section */
		54B21CDE2F60368900CEB2BA /* Build configuration list for PBXProject "IntactoDemoPro" */ = {
			isa = XCConfigurationList;
			buildConfigurations = (
				54B21D052F60368A00CEB2BA /* Debug */,
				54B21D062F60368A00CEB2BA /* Release */,
			);
			defaultConfigurationIsVisible = 0;
			defaultConfigurationName = Release;
		};
		54B21D072F60368A00CEB2BA /* Build configuration list for PBXNativeTarget "IntactoDemoPro" */ = {
			isa = XCConfigurationList;
			buildConfigurations = (
				54B21D082F60368A00CEB2BA /* Debug */,
				54B21D092F60368A00CEB2BA /* Release */,
			);
			defaultConfigurationIsVisible = 0;
			defaultConfigurationName = Release;
		};
		54B21D0A2F60368A00CEB2BA /* Build configuration list for PBXNativeTarget "IntactoDemoProTests" */ = {
			isa = XCConfigurationList;
			buildConfigurations = (
				54B21D0B2F60368A00CEB2BA /* Debug */,
				54B21D0C2F60368A00CEB2BA /* Release */,
			);
			defaultConfigurationIsVisible = 0;
			defaultConfigurationName = Release;
		};
		54B21D0D2F60368A00CEB2BA /* Build configuration list for PBXNativeTarget "IntactoDemoProUITests" */ = {
			isa = XCConfigurationList;
			buildConfigurations = (
				54B21D0E2F60368A00CEB2BA /* Debug */,
				54B21D0F2F60368A00CEB2BA /* Release */,
			);
			defaultConfigurationIsVisible = 0;
			defaultConfigurationName = Release;
		};
/* End XCConfigurationList section */
	};
	rootObject = 54B21CDB2F60368900CEB2BA /* Project object */;
}
